Microsoft Visual Studio Solution File, Format Version 12.00
# Visual Studio Express 2012 for Windows Desktop
Project("{8BC9CEB8-8B4A-11D0-8D11-00A0C91BC942}") = "char-server", "vcproj-10\char-server.vcxproj", "{D356871D-58E1-450B-967A-E4E9646175AF}"
EndProject
Project("{8BC9CEB8-8B4A-11D0-8D11-00A0C91BC942}") = "login-server", "vcproj-10\login-server.vcxproj", "{D356871D-58E1-450B-967A-E5E9646175AF}"
EndProject
Project("{8BC9CEB8-8B4A-11D0-8D11-00A0C91BC942}") = "map-server", "vcproj-10\map-server.vcxproj", "{D356871D-58E1-450B-967A-E6E9646175AF}"
EndProject
Project("{8BC9CEB8-8B4A-11D0-8D11-00A0C91BC942}") = "mapcache", "vcproj-10\mapcache.vcxproj", "{D356871D-58E1-450B-967A-E7E9646175AF}"
EndProject
Project("{8BC9CEB8-8B4A-11D0-8D11-00A0C91BC942}") = "plugin-sample", "vcproj-10\plugin-sample.vcxproj", "{E64C56D3-CDFB-483B-900B-A62D216B6D2F}"
EndProject
Project("{8BC9CEB8-8B4A-11D0-8D11-00A0C91BC942}") = "plugin-HPMHooking_map", "vcproj-10\plugin-HPMHooking_map.vcxproj", "{7ED92B9F-95E8-49B8-9D4F-C4C9BFDE0B22}"
EndProject
Project("{8BC9CEB8-8B4A-11D0-8D11-00A0C91BC942}") = "plugin-HPMHooking_char", "vcproj-10\plugin-HPMHooking_char.vcxproj", "{337F99A2-528C-473C-97F0-BF202F197061}"
EndProject
Project("{8BC9CEB8-8B4A-11D0-8D11-00A0C91BC942}") = "plugin-HPMHooking_login", "vcproj-10\plugin-HPMHooking_login.vcxproj", "{B7B66F36-2EE9-4F16-929A-5E4A64492DAE}"
EndProject
Project("{8BC9CEB8-8B4A-11D0-8D11-00A0C91BC942}") = "VisibleMonstersHP", "custom-plugins\VisibleMonstersHP.vcxproj", "{849355A8-51A8-4F44-8625-4AB14280894C}"
EndProject
Project("{8BC9CEB8-8B4A-11D0-8D11-00A0C91BC942}") = "addrid", "custom-plugins\addrid.vcxproj", "{800FB545-4FD7-46F7-AFF6-AC933E91A20A}"
EndProject
Project("{8BC9CEB8-8B4A-11D0-8D11-00A0C91BC942}") = "AuraSet", "custom-plugins\AuraSet.vcxproj", "{B4476EFA-68A8-4A6C-95B0-242C2EC0B375}"
EndProject
Global
	GlobalSection(SolutionConfigurationPlatforms) = preSolution
		Debug|Win32 = Debug|Win32
		Release|Win32 = Release|Win32
	EndGlobalSection
	GlobalSection(ProjectConfigurationPlatforms) = postSolution
		{D356871D-58E1-450B-967A-E4E9646175AF}.Debug|Win32.ActiveCfg = Debug|Win32
		{D356871D-58E1-450B-967A-E4E9646175AF}.Debug|Win32.Build.0 = Debug|Win32
		{D356871D-58E1-450B-967A-E4E9646175AF}.Release|Win32.ActiveCfg = Release|Win32
		{D356871D-58E1-450B-967A-E4E9646175AF}.Release|Win32.Build.0 = Release|Win32
		{D356871D-58E1-450B-967A-E5E9646175AF}.Debug|Win32.ActiveCfg = Debug|Win32
		{D356871D-58E1-450B-967A-E5E9646175AF}.Debug|Win32.Build.0 = Debug|Win32
		{D356871D-58E1-450B-967A-E5E9646175AF}.Release|Win32.ActiveCfg = Release|Win32
		{D356871D-58E1-450B-967A-E5E9646175AF}.Release|Win32.Build.0 = Release|Win32
		{D356871D-58E1-450B-967A-E6E9646175AF}.Debug|Win32.ActiveCfg = Debug|Win32
		{D356871D-58E1-450B-967A-E6E9646175AF}.Debug|Win32.Build.0 = Debug|Win32
		{D356871D-58E1-450B-967A-E6E9646175AF}.Release|Win32.ActiveCfg = Release|Win32
		{D356871D-58E1-450B-967A-E6E9646175AF}.Release|Win32.Build.0 = Release|Win32
		{D356871D-58E1-450B-967A-E7E9646175AF}.Debug|Win32.ActiveCfg = Debug|Win32
		{D356871D-58E1-450B-967A-E7E9646175AF}.Debug|Win32.Build.0 = Debug|Win32
		{D356871D-58E1-450B-967A-E7E9646175AF}.Release|Win32.ActiveCfg = Release|Win32
		{D356871D-58E1-450B-967A-E7E9646175AF}.Release|Win32.Build.0 = Release|Win32
		{E64C56D3-CDFB-483B-900B-A62D216B6D2F}.Debug|Win32.ActiveCfg = Debug|Win32
		{E64C56D3-CDFB-483B-900B-A62D216B6D2F}.Debug|Win32.Build.0 = Debug|Win32
		{E64C56D3-CDFB-483B-900B-A62D216B6D2F}.Release|Win32.ActiveCfg = Release|Win32
		{E64C56D3-CDFB-483B-900B-A62D216B6D2F}.Release|Win32.Build.0 = Release|Win32
		{745D4A8C-6A68-4721-A43A-D81BF59860A1}.Debug|Win32.ActiveCfg = Debug|Win32
		{745D4A8C-6A68-4721-A43A-D81BF59860A1}.Debug|Win32.Build.0 = Debug|Win32
		{745D4A8C-6A68-4721-A43A-D81BF59860A1}.Release|Win32.ActiveCfg = Release|Win32
		{745D4A8C-6A68-4721-A43A-D81BF59860A1}.Release|Win32.Build.0 = Release|Win32
		{ACEB1E80-4EA2-4193-AA7C-624B6C5664BA}.Debug|Win32.ActiveCfg = Debug|Win32
		{ACEB1E80-4EA2-4193-AA7C-624B6C5664BA}.Debug|Win32.Build.0 = Debug|Win32
		{ACEB1E80-4EA2-4193-AA7C-624B6C5664BA}.Release|Win32.ActiveCfg = Release|Win32
		{ACEB1E80-4EA2-4193-AA7C-624B6C5664BA}.Release|Win32.Build.0 = Release|Win32
		{93DB46CC-FC44-4E43-820A-63DC7318F413}.Debug|Win32.ActiveCfg = Debug|Win32
		{93DB46CC-FC44-4E43-820A-63DC7318F413}.Debug|Win32.Build.0 = Debug|Win32
		{93DB46CC-FC44-4E43-820A-63DC7318F413}.Release|Win32.ActiveCfg = Release|Win32
		{93DB46CC-FC44-4E43-820A-63DC7318F413}.Release|Win32.Build.0 = Release|Win32
	EndGlobalSection
	GlobalSection(SolutionProperties) = preSolution
		HideSolutionNode = FALSE
	EndGlobalSection
EndGlobal
